
Microsoft Visual Studio Solution File, Format Version 12.00
Project("{FAE04EC0-301F-11D3-BF4B-00C04F79EFBC}") = "AoC1-1", "AoC1-1\AoC1-1.csproj", "{9F576F64-5A75-4D21-8A53-8E03EC3E73E6}"
EndProject
Project("{FAE04EC0-301F-11D3-BF4B-00C04F79EFBC}") = "AoC1-2", "AoC1-2\AoC1-2.csproj", "{49BDE250-5671-4478-8F6C-8D2541BC05DE}"
EndProject
Project("{FAE04EC0-301F-11D3-BF4B-00C04F79EFBC}") = "AoC2-1", "AoC2-1\AoC2-1.csproj", "{A7F86914-9B26-4DFF-A783-CEC307F4345F}"
EndProject
Project("{FAE04EC0-301F-11D3-BF4B-00C04F79EFBC}") = "AoC2-2", "AoC2-2\AoC2-2.csproj", "{417D46CE-8B8B-4853-B1E8-7BF61ECBB0D1}"
EndProject
Project("{FAE04EC0-301F-11D3-BF4B-00C04F79EFBC}") = "AoC3-1", "AoC3-1\AoC3-1.csproj", "{D917048B-E876-4D62-A81A-D2A3410F464F}"
EndProject
Project("{FAE04EC0-301F-11D3-BF4B-00C04F79EFBC}") = "AoC3-2", "AoC3-2\AoC3-2.csproj", "{3B82E03F-4BB9-4FD3-A7EA-5F8FD915FFE6}"
EndProject
Project("{FAE04EC0-301F-11D3-BF4B-00C04F79EFBC}") = "AoC4-1", "AoC4-1\AoC4-1.csproj", "{FF912041-5226-4C22-BF87-CA3FF9B58B32}"
EndProject
Global
	GlobalSection(SolutionConfigurationPlatforms) = preSolution
		Debug|Any CPU = Debug|Any CPU
		Release|Any CPU = Release|Any CPU
	EndGlobalSection
	GlobalSection(ProjectConfigurationPlatforms) = postSolution
		{9F576F64-5A75-4D21-8A53-8E03EC3E73E6}.Debug|Any CPU.ActiveCfg = Debug|Any CPU
		{9F576F64-5A75-4D21-8A53-8E03EC3E73E6}.Debug|Any CPU.Build.0 = Debug|Any CPU
		{9F576F64-5A75-4D21-8A53-8E03EC3E73E6}.Release|Any CPU.ActiveCfg = Release|Any CPU
		{9F576F64-5A75-4D21-8A53-8E03EC3E73E6}.Release|Any CPU.Build.0 = Release|Any CPU
		{49BDE250-5671-4478-8F6C-8D2541BC05DE}.Debug|Any CPU.ActiveCfg = Debug|Any CPU
		{49BDE250-5671-4478-8F6C-8D2541BC05DE}.Debug|Any CPU.Build.0 = Debug|Any CPU
		{49BDE250-5671-4478-8F6C-8D2541BC05DE}.Release|Any CPU.ActiveCfg = Release|Any CPU
		{49BDE250-5671-4478-8F6C-8D2541BC05DE}.Release|Any CPU.Build.0 = Release|Any CPU
		{A7F86914-9B26-4DFF-A783-CEC307F4345F}.Debug|Any CPU.ActiveCfg = Debug|Any CPU
		{A7F86914-9B26-4DFF-A783-CEC307F4345F}.Debug|Any CPU.Build.0 = Debug|Any CPU
		{A7F86914-9B26-4DFF-A783-CEC307F4345F}.Release|Any CPU.ActiveCfg = Release|Any CPU
		{A7F86914-9B26-4DFF-A783-CEC307F4345F}.Release|Any CPU.Build.0 = Release|Any CPU
		{417D46CE-8B8B-4853-B1E8-7BF61ECBB0D1}.Debug|Any CPU.ActiveCfg = Debug|Any CPU
		{417D46CE-8B8B-4853-B1E8-7BF61ECBB0D1}.Debug|Any CPU.Build.0 = Debug|Any CPU
		{417D46CE-8B8B-4853-B1E8-7BF61ECBB0D1}.Release|Any CPU.ActiveCfg = Release|Any CPU
		{417D46CE-8B8B-4853-B1E8-7BF61ECBB0D1}.Release|Any CPU.Build.0 = Release|Any CPU
		{D917048B-E876-4D62-A81A-D2A3410F464F}.Debug|Any CPU.ActiveCfg = Debug|Any CPU
		{D917048B-E876-4D62-A81A-D2A3410F464F}.Debug|Any CPU.Build.0 = Debug|Any CPU
		{D917048B-E876-4D62-A81A-D2A3410F464F}.Release|Any CPU.ActiveCfg = Release|Any CPU
		{D917048B-E876-4D62-A81A-D2A3410F464F}.Release|Any CPU.Build.0 = Release|Any CPU
		{3B82E03F-4BB9-4FD3-A7EA-5F8FD915FFE6}.Debug|Any CPU.ActiveCfg = Debug|Any CPU
		{3B82E03F-4BB9-4FD3-A7EA-5F8FD915FFE6}.Debug|Any CPU.Build.0 = Debug|Any CPU
		{3B82E03F-4BB9-4FD3-A7EA-5F8FD915FFE6}.Release|Any CPU.ActiveCfg = Release|Any CPU
		{3B82E03F-4BB9-4FD3-A7EA-5F8FD915FFE6}.Release|Any CPU.Build.0 = Release|Any CPU
		{FF912041-5226-4C22-BF87-CA3FF9B58B32}.Debug|Any CPU.ActiveCfg = Debug|Any CPU
		{FF912041-5226-4C22-BF87-CA3FF9B58B32}.Debug|Any CPU.Build.0 = Debug|Any CPU
		{FF912041-5226-4C22-BF87-CA3FF9B58B32}.Release|Any CPU.ActiveCfg = Release|Any CPU
		{FF912041-5226-4C22-BF87-CA3FF9B58B32}.Release|Any CPU.Build.0 = Release|Any CPU
		{FA012B9D-4C55-48D9-A58B-DC422716B75B}.Debug|Any CPU.ActiveCfg = Debug|Any CPU
		{FA012B9D-4C55-48D9-A58B-DC422716B75B}.Debug|Any CPU.Build.0 = Debug|Any CPU
		{FA012B9D-4C55-48D9-A58B-DC422716B75B}.Release|Any CPU.ActiveCfg = Release|Any CPU
		{FA012B9D-4C55-48D9-A58B-DC422716B75B}.Release|Any CPU.Build.0 = Release|Any CPU
	EndGlobalSection
EndGlobal
